
Microsoft Visual Studio Solution File, Format Version 12.00
# Visual Studio Version 17
VisualStudioVersion = 17.8.34511.84
MinimumVisualStudioVersion = 10.0.40219.1
Project("{FAE04EC0-301F-11D3-BF4B-00C04F79EFBC}") = "FMS", "FMS\FMS.csproj", "{CE2B984B-F505-4A63-82CA-26B94E6FE98D}"
EndProject
Global
	GlobalSection(SolutionConfigurationPlatforms) = preSolution
		Debug|Any CPU = Debug|Any CPU
		Release|Any CPU = Release|Any CPU
	EndGlobalSection
	GlobalSection(ProjectConfigurationPlatforms) = postSolution
		{CE2B984B-F505-4A63-82CA-26B94E6FE98D}.Debug|Any CPU.ActiveCfg = Debug|Any CPU
		{CE2B984B-F505-4A63-82CA-26B94E6FE98D}.Debug|Any CPU.Build.0 = Debug|Any CPU
		{CE2B984B-F505-4A63-82CA-26B94E6FE98D}.Release|Any CPU.ActiveCfg = Release|Any CPU
		{CE2B984B-F505-4A63-82CA-26B94E6FE98D}.Release|Any CPU.Build.0 = Release|Any CPU
	EndGlobalSection
	GlobalSection(SolutionProperties) = preSolution
		HideSolutionNode = FALSE
	EndGlobalSection
	GlobalSection(ExtensibilityGlobals) = postSolution
		SolutionGuid = {5C5B9825-386C-4E79-8468-D89B752C928E}
	EndGlobalSection
EndGlobal
